
Microsoft Visual Studio Solution File, Format Version 12.00
# Visual Studio Version 17
VisualStudioVersion = 17.8.34511.84
MinimumVisualStudioVersion = 10.0.40219.1
Project("{FAE04EC0-301F-11D3-BF4B-00C04F79EFBC}") = "FlowerShop", "FlowerShop\FlowerShop.csproj", "{4AA27999-AD90-4348-B624-309C64A3A388}"
EndProject
Global
	GlobalSection(SolutionConfigurationPlatforms) = preSolution
		Debug|Any CPU = Debug|Any CPU
		Release|Any CPU = Release|Any CPU
	EndGlobalSection
	GlobalSection(ProjectConfigurationPlatforms) = postSolution
		{4AA27999-AD90-4348-B624-309C64A3A388}.Debug|Any CPU.ActiveCfg = Debug|Any CPU
		{4AA27999-AD90-4348-B624-309C64A3A388}.Debug|Any CPU.Build.0 = Debug|Any CPU
		{4AA27999-AD90-4348-B624-309C64A3A388}.Release|Any CPU.ActiveCfg = Release|Any CPU
		{4AA27999-AD90-4348-B624-309C64A3A388}.Release|Any CPU.Build.0 = Release|Any CPU
	EndGlobalSection
	GlobalSection(SolutionProperties) = preSolution
		HideSolutionNode = FALSE
	EndGlobalSection
	GlobalSection(ExtensibilityGlobals) = postSolution
		SolutionGuid = {0493DE3E-7D4D-4157-947F-32864AF96690}
	EndGlobalSection
EndGlobal
